
Microsoft Visual Studio Solution File, Format Version 12.00
# Visual Studio Version 17
VisualStudioVersion = 17.0.32014.148
MinimumVisualStudioVersion = 10.0.40219.1
Project("{FAE04EC0-301F-11D3-BF4B-00C04F79EFBC}") = "SyntaxandSyntaxSugarExercise", "SyntaxandSyntaxSugarExercise\SyntaxandSyntaxSugarExercise.csproj", "{99343C87-8E99-45BC-A4CF-2A4F2EDEAF4C}"
EndProject
Global
	GlobalSection(SolutionConfigurationPlatforms) = preSolution
		Debug|Any CPU = Debug|Any CPU
		Release|Any CPU = Release|Any CPU
	EndGlobalSection
	GlobalSection(ProjectConfigurationPlatforms) = postSolution
		{99343C87-8E99-45BC-A4CF-2A4F2EDEAF4C}.Debug|Any CPU.ActiveCfg = Debug|Any CPU
		{99343C87-8E99-45BC-A4CF-2A4F2EDEAF4C}.Debug|Any CPU.Build.0 = Debug|Any CPU
		{99343C87-8E99-45BC-A4CF-2A4F2EDEAF4C}.Release|Any CPU.ActiveCfg = Release|Any CPU
		{99343C87-8E99-45BC-A4CF-2A4F2EDEAF4C}.Release|Any CPU.Build.0 = Release|Any CPU
	EndGlobalSection
	GlobalSection(SolutionProperties) = preSolution
		HideSolutionNode = FALSE
	EndGlobalSection
	GlobalSection(ExtensibilityGlobals) = postSolution
		SolutionGuid = {C97077FB-ADEB-4B3A-95CE-50CD2040EF32}
	EndGlobalSection
EndGlobal
